{
  "name": "mammoth-wordpress-plugin",
  "dependencies": {
    "browserify": {
      "version": "3.33.0",
      "from": "browserify@3.33.0",
      "resolved": "https://registry.npmjs.org/browserify/-/browserify-3.33.0.tgz",
      "dependencies": {
        "module-deps": {
          "version": "1.8.0",
          "from": "module-deps@1.8.0",
          "dependencies": {
            "minimist": {
              "version": "0.0.8",
              "from": "minimist@0.0.8",
              "resolved": "https://registry.npmjs.org/minimist/-/minimist-0.0.8.tgz"
            },
            "detective": {
              "version": "3.1.0",
              "from": "detective@3.1.0",
              "dependencies": {
                "escodegen": {
                  "version": "1.1.0",
                  "from": "escodegen@1.1.0",
                  "dependencies": {
                    "esprima": {
                      "version": "1.0.4",
                      "from": "esprima@1.0.4"
                    },
                    "estraverse": {
                      "version": "1.5.0",
                      "from": "estraverse@1.5.0"
                    },
                    "esutils": {
                      "version": "1.0.0",
                      "from": "esutils@1.0.0"
                    },
                    "source-map": {
                      "version": "0.1.33",
                      "from": "source-map@0.1.33",
                      "dependencies": {
                        "amdefine": {
                          "version": "0.1.0",
                          "from": "amdefine@0.1.0"
                        }
                      }
                    }
                  }
                },
                "esprima-fb": {
                  "version": "3001.1.0-dev-harmony-fb",
                  "from": "esprima-fb@3001.1.0-dev-harmony-fb"
                }
              }
            }
          }
        },
        "browser-pack": {
          "version": "2.0.1",
          "from": "browser-pack@2.0.1",
          "dependencies": {
            "JSONStream": {
              "version": "0.6.4",
              "from": "JSONStream@0.6.4",
              "dependencies": {
                "jsonparse": {
                  "version": "0.0.5",
                  "from": "jsonparse@0.0.5"
                },
                "through": {
                  "version": "2.2.7",
                  "from": "through@2.2.7"
                }
              }
            },
            "combine-source-map": {
              "version": "0.3.0",
              "from": "combine-source-map@0.3.0",
              "dependencies": {
                "inline-source-map": {
                  "version": "0.3.0",
                  "from": "inline-source-map@0.3.0"
                },
                "convert-source-map": {
                  "version": "0.3.3",
                  "from": "convert-source-map@0.3.3"
                },
                "source-map": {
                  "version": "0.1.33",
                  "from": "source-map@0.1.33",
                  "dependencies": {
                    "amdefine": {
                      "version": "0.1.0",
                      "from": "amdefine@0.1.0"
                    }
                  }
                }
              }
            }
          }
        },
        "deps-sort": {
          "version": "0.1.1",
          "from": "deps-sort@0.1.1",
          "dependencies": {
            "JSONStream": {
              "version": "0.6.4",
              "from": "JSONStream@0.6.4",
              "dependencies": {
                "jsonparse": {
                  "version": "0.0.5",
                  "from": "jsonparse@0.0.5"
                },
                "through": {
                  "version": "2.2.7",
                  "from": "through@2.2.7"
                }
              }
            },
            "minimist": {
              "version": "0.0.8",
              "from": "minimist@0.0.8",
              "resolved": "https://registry.npmjs.org/minimist/-/minimist-0.0.8.tgz"
            }
          }
        },
        "shell-quote": {
          "version": "0.0.1",
          "from": "shell-quote@0.0.1"
        },
        "through": {
          "version": "2.3.4",
          "from": "through@2.3.4"
        },
        "duplexer": {
          "version": "0.1.1",
          "from": "duplexer@0.1.1"
        },
        "stream-combiner": {
          "version": "0.0.4",
          "from": "stream-combiner@0.0.4"
        },
        "concat-stream": {
          "version": "1.4.4",
          "from": "concat-stream@1.4.4",
          "dependencies": {
            "typedarray": {
              "version": "0.0.5",
              "from": "typedarray@0.0.5"
            },
            "readable-stream": {
              "version": "1.1.11",
              "from": "readable-stream@1.1.11",
              "dependencies": {
                "core-util-is": {
                  "version": "1.0.1",
                  "from": "core-util-is@1.0.1"
                },
                "string_decoder": {
                  "version": "0.10.25-1",
                  "from": "string_decoder@0.10.25-1"
                },
                "debuglog": {
                  "version": "0.0.2",
                  "from": "debuglog@0.0.2"
                }
              }
            }
          }
        },
        "insert-module-globals": {
          "version": "4.1.0",
          "from": "insert-module-globals@4.1.0",
          "dependencies": {
            "lexical-scope": {
              "version": "1.1.0",
              "from": "lexical-scope@1.1.0",
              "dependencies": {
                "astw": {
                  "version": "1.1.0",
                  "from": "astw@1.1.0",
                  "dependencies": {
                    "esprima-fb": {
                      "version": "3001.1.0-dev-harmony-fb",
                      "from": "esprima-fb@3001.1.0-dev-harmony-fb"
                    }
                  }
                }
              }
            },
            "process": {
              "version": "0.5.2",
              "from": "process@0.5.2"
            }
          }
        },
        "syntax-error": {
          "version": "1.1.0",
          "from": "syntax-error@1.1.0",
          "dependencies": {
            "esprima-fb": {
              "version": "3001.1.0-dev-harmony-fb",
              "from": "esprima-fb@3001.1.0-dev-harmony-fb"
            }
          }
        },
        "browser-resolve": {
          "version": "1.2.2",
          "from": "browser-resolve@1.2.2",
          "dependencies": {
            "resolve": {
              "version": "0.6.1",
              "from": "resolve@0.6.1"
            }
          }
        },
        "inherits": {
          "version": "2.0.1",
          "from": "inherits@2.0.1"
        },
        "JSONStream": {
          "version": "0.7.1",
          "from": "JSONStream@0.7.1",
          "dependencies": {
            "jsonparse": {
              "version": "0.0.5",
              "from": "jsonparse@0.0.5"
            },
            "through": {
              "version": "2.2.7",
              "from": "through@2.2.7"
            }
          }
        },
        "umd": {
          "version": "2.0.0",
          "from": "umd@2.0.0",
          "dependencies": {
            "rfile": {
              "version": "1.0.0",
              "from": "rfile@1.0.0",
              "dependencies": {
                "callsite": {
                  "version": "1.0.0",
                  "from": "callsite@1.0.0"
                },
                "resolve": {
                  "version": "0.3.1",
                  "from": "resolve@0.3.1"
                }
              }
            },
            "ruglify": {
              "version": "1.0.0",
              "from": "ruglify@1.0.0",
              "dependencies": {
                "uglify-js": {
                  "version": "2.2.5",
                  "from": "uglify-js@2.2.5",
                  "resolved": "https://registry.npmjs.org/uglify-js/-/uglify-js-2.2.5.tgz",
                  "dependencies": {
                    "source-map": {
                      "version": "0.1.33",
                      "from": "source-map@0.1.33",
                      "dependencies": {
                        "amdefine": {
                          "version": "0.1.0",
                          "from": "amdefine@0.1.0"
                        }
                      }
                    },
                    "optimist": {
                      "version": "0.3.7",
                      "from": "optimist@0.3.7",
                      "resolved": "https://registry.npmjs.org/optimist/-/optimist-0.3.7.tgz",
                      "dependencies": {
                        "wordwrap": {
                          "version": "0.0.2",
                          "from": "wordwrap@0.0.2"
                        }
                      }
                    }
                  }
                }
              }
            },
            "uglify-js": {
              "version": "2.4.13",
              "from": "uglify-js@2.4.13",
              "resolved": "https://registry.npmjs.org/uglify-js/-/uglify-js-2.4.13.tgz",
              "dependencies": {
                "async": {
                  "version": "0.2.10",
                  "from": "async@0.2.10",
                  "resolved": "https://registry.npmjs.org/async/-/async-0.2.10.tgz"
                },
                "source-map": {
                  "version": "0.1.33",
                  "from": "source-map@0.1.33",
                  "dependencies": {
                    "amdefine": {
                      "version": "0.1.0",
                      "from": "amdefine@0.1.0"
                    }
                  }
                },
                "optimist": {
                  "version": "0.3.7",
                  "from": "optimist@0.3.7",
                  "resolved": "https://registry.npmjs.org/optimist/-/optimist-0.3.7.tgz",
                  "dependencies": {
                    "wordwrap": {
                      "version": "0.0.2",
                      "from": "wordwrap@0.0.2"
                    }
                  }
                },
                "uglify-to-browserify": {
                  "version": "1.0.2",
                  "from": "uglify-to-browserify@1.0.2"
                }
              }
            }
          }
        },
        "parents": {
          "version": "0.0.2",
          "from": "parents@0.0.2"
        },
        "deep-equal": {
          "version": "0.1.2",
          "from": "deep-equal@0.1.2"
        },
        "constants-browserify": {
          "version": "0.0.1",
          "from": "constants-browserify@0.0.1"
        },
        "os-browserify": {
          "version": "0.1.2",
          "from": "os-browserify@0.1.2"
        },
        "console-browserify": {
          "version": "1.0.3",
          "from": "console-browserify@1.0.3"
        },
        "vm-browserify": {
          "version": "0.0.4",
          "from": "vm-browserify@0.0.4",
          "dependencies": {
            "indexof": {
              "version": "0.0.1",
              "from": "indexof@0.0.1"
            }
          }
        },
        "zlib-browserify": {
          "version": "0.0.3",
          "from": "zlib-browserify@0.0.3",
          "dependencies": {
            "tape": {
              "version": "0.2.2",
              "from": "tape@0.2.2",
              "dependencies": {
                "jsonify": {
                  "version": "0.0.0",
                  "from": "jsonify@0.0.0"
                },
                "deep-equal": {
                  "version": "0.0.0",
                  "from": "deep-equal@0.0.0"
                }
              }
            }
          }
        },
        "assert": {
          "version": "1.1.1",
          "from": "assert@1.1.1",
          "dependencies": {
            "util": {
              "version": "0.10.2",
              "from": "util@0.10.2"
            }
          }
        },
        "http-browserify": {
          "version": "1.3.2",
          "from": "http-browserify@1.3.2",
          "dependencies": {
            "Base64": {
              "version": "0.2.0",
              "from": "Base64@0.2.0"
            }
          }
        },
        "crypto-browserify": {
          "version": "1.0.9",
          "from": "crypto-browserify@1.0.9"
        },
        "util": {
          "version": "0.10.3",
          "from": "util@0.10.3"
        },
        "events": {
          "version": "1.0.0",
          "from": "events@1.0.0"
        },
        "buffer": {
          "version": "2.1.5",
          "from": "buffer@2.1.5",
          "dependencies": {
            "base64-js": {
              "version": "0.0.6",
              "from": "base64-js@0.0.6"
            },
            "ieee754": {
              "version": "1.1.3",
              "from": "ieee754@1.1.3"
            }
          }
        },
        "url": {
          "version": "0.7.9",
          "from": "url@0.7.9",
          "dependencies": {
            "querystring": {
              "version": "0.1.0",
              "from": "querystring@0.1.0"
            },
            "punycode": {
              "version": "1.0.0",
              "from": "punycode@1.0.0"
            }
          }
        },
        "https-browserify": {
          "version": "0.0.0",
          "from": "https-browserify@0.0.0"
        },
        "path-browserify": {
          "version": "0.0.0",
          "from": "path-browserify@0.0.0"
        },
        "querystring-es3": {
          "version": "0.2.0",
          "from": "querystring-es3@0.2.0"
        },
        "stream-browserify": {
          "version": "0.1.3",
          "from": "stream-browserify@0.1.3",
          "dependencies": {
            "process": {
              "version": "0.5.2",
              "from": "process@0.5.2"
            }
          }
        },
        "string_decoder": {
          "version": "0.0.1",
          "from": "string_decoder@0.0.1"
        },
        "tty-browserify": {
          "version": "0.0.0",
          "from": "tty-browserify@0.0.0"
        },
        "timers-browserify": {
          "version": "1.0.1",
          "from": "timers-browserify@1.0.1",
          "dependencies": {
            "process": {
              "version": "0.5.2",
              "from": "process@0.5.2"
            }
          }
        },
        "punycode": {
          "version": "1.2.4",
          "from": "punycode@1.2.4"
        },
        "defined": {
          "version": "0.0.0",
          "from": "defined@0.0.0"
        },
        "domain-browser": {
          "version": "1.1.1",
          "from": "domain-browser@1.1.1"
        },
        "derequire": {
          "version": "0.6.1",
          "from": "derequire@0.6.1",
          "dependencies": {
            "estraverse": {
              "version": "1.5.0",
              "from": "estraverse@1.5.0"
            },
            "esprima-six": {
              "version": "0.0.3",
              "from": "esprima-six@0.0.3"
            },
            "esrefactor": {
              "version": "0.1.0",
              "from": "esrefactor@0.1.0",
              "dependencies": {
                "esprima": {
                  "version": "1.0.4",
                  "from": "esprima@1.0.4"
                },
                "estraverse": {
                  "version": "0.0.4",
                  "from": "estraverse@0.0.4"
                },
                "escope": {
                  "version": "0.0.16",
                  "from": "escope@0.0.16"
                }
              }
            }
          }
        },
        "commondir": {
          "version": "0.0.1",
          "from": "commondir@0.0.1"
        },
        "shallow-copy": {
          "version": "0.0.1",
          "from": "shallow-copy@0.0.1"
        },
        "subarg": {
          "version": "0.0.1",
          "from": "subarg@0.0.1",
          "dependencies": {
            "minimist": {
              "version": "0.0.8",
              "from": "minimist@0.0.8",
              "resolved": "https://registry.npmjs.org/minimist/-/minimist-0.0.8.tgz"
            }
          }
        },
        "resolve": {
          "version": "0.6.2",
          "from": "resolve@0.6.2"
        },
        "glob": {
          "version": "3.2.9",
          "from": "glob@3.2.9",
          "dependencies": {
            "minimatch": {
              "version": "0.2.14",
              "from": "minimatch@0.2.14",
              "dependencies": {
                "lru-cache": {
                  "version": "2.5.0",
                  "from": "lru-cache@2.5.0",
                  "resolved": "https://registry.npmjs.org/lru-cache/-/lru-cache-2.5.0.tgz"
                },
                "sigmund": {
                  "version": "1.0.0",
                  "from": "sigmund@1.0.0"
                }
              }
            }
          }
        },
        "builtins": {
          "version": "0.0.2",
          "from": "builtins@0.0.2"
        }
      }
    },
    "mammoth": {
      "version": "1.4.0",
      "from": "mammoth@1.4.0",
      "dependencies": {
        "bluebird": {
          "version": "3.4.7",
          "from": "bluebird@~3.4.0"
        },
        "sax": {
          "version": "1.1.6",
          "from": "sax@~1.1.1"
        },
        "underscore": {
          "version": "1.8.3",
          "from": "underscore@~1.8.3"
        },
        "lop": {
          "version": "0.4.0",
          "from": "lop@~0.4.0",
          "dependencies": {
            "underscore": {
              "version": "1.4.4",
              "from": "underscore@~1.4.4"
            },
            "option": {
              "version": "0.2.3",
              "from": "option@~0.2.1"
            },
            "duck": {
              "version": "0.1.11",
              "from": "duck@~0.1.11"
            }
          }
        },
        "argparse": {
          "version": "1.0.9",
          "from": "argparse@~1.0.3",
          "dependencies": {
            "sprintf-js": {
              "version": "1.0.3",
              "from": "sprintf-js@~1.0.2"
            }
          }
        },
        "jszip": {
          "version": "2.5.0",
          "from": "jszip@~2.5.0",
          "dependencies": {
            "pako": {
              "version": "0.2.9",
              "from": "pako@~0.2.5"
            }
          }
        },
        "xmlbuilder": {
          "version": "2.6.5",
          "from": "xmlbuilder@~2.6.4",
          "dependencies": {
            "lodash": {
              "version": "3.10.1",
              "from": "lodash@^3.5.0"
            }
          }
        },
        "path-is-absolute": {
          "version": "1.0.1",
          "from": "path-is-absolute@^1.0.0"
        }
      }
    }
  }
}
